
Microsoft Visual Studio Solution File, Format Version 12.00
# Visual Studio 2013
VisualStudioVersion = 12.0.30501.0
MinimumVisualStudioVersion = 10.0.40219.1
Project("{FAE04EC0-301F-11D3-BF4B-00C04F79EFBC}") = "RestClientLib", "RestClient\RestClientLib.csproj", "{034774B7-EBFC-4B10-970A-A235A44DA2B7}"
EndProject
Project("{FAE04EC0-301F-11D3-BF4B-00C04F79EFBC}") = "WpfClient", "WpfClient\WpfClient.csproj", "{F2AF1A60-58B6-45E2-9BE8-DF1FA3FF3918}"
EndProject
Global
	GlobalSection(SolutionConfigurationPlatforms) = preSolution
		Debug|Any CPU = Debug|Any CPU
		Release|Any CPU = Release|Any CPU
	EndGlobalSection
	GlobalSection(ProjectConfigurationPlatforms) = postSolution
		{034774B7-EBFC-4B10-970A-A235A44DA2B7}.Debug|Any CPU.ActiveCfg = Debug|Any CPU
		{034774B7-EBFC-4B10-970A-A235A44DA2B7}.Debug|Any CPU.Build.0 = Debug|Any CPU
		{034774B7-EBFC-4B10-970A-A235A44DA2B7}.Release|Any CPU.ActiveCfg = Release|Any CPU
		{034774B7-EBFC-4B10-970A-A235A44DA2B7}.Release|Any CPU.Build.0 = Release|Any CPU
		{F2AF1A60-58B6-45E2-9BE8-DF1FA3FF3918}.Debug|Any CPU.ActiveCfg = Debug|Any CPU
		{F2AF1A60-58B6-45E2-9BE8-DF1FA3FF3918}.Debug|Any CPU.Build.0 = Debug|Any CPU
		{F2AF1A60-58B6-45E2-9BE8-DF1FA3FF3918}.Release|Any CPU.ActiveCfg = Release|Any CPU
		{F2AF1A60-58B6-45E2-9BE8-DF1FA3FF3918}.Release|Any CPU.Build.0 = Release|Any CPU
	EndGlobalSection
	GlobalSection(SolutionProperties) = preSolution
		HideSolutionNode = FALSE
	EndGlobalSection
EndGlobal
